
Microsoft Visual Studio Solution File, Format Version 12.00
# Visual Studio Version 17
VisualStudioVersion = 17.0.31903.59
MinimumVisualStudioVersion = 10.0.40219.1
Project("{2150E333-8FDC-42A3-9474-1A3956D46DE8}") = ".root", ".root", "{7721DE8D-5EC7-48C5-852F-50412F0B0BAF}"
	ProjectSection(SolutionItems) = preProject
		.gitignore = .gitignore
		LICENSE = LICENSE
		README.md = README.md
		.editorconfig = .editorconfig
		Directory.Build.props = Directory.Build.props
		version.json = version.json
	EndProjectSection
EndProject
Project("{2150E333-8FDC-42A3-9474-1A3956D46DE8}") = "src", "src", "{4695B427-BD61-4FA2-A3F4-995AC92C9B02}"
EndProject
Project("{2150E333-8FDC-42A3-9474-1A3956D46DE8}") = "tests", "tests", "{D47941D6-CDE2-4B95-B20B-7FE8F94F772B}"
EndProject
Project("{2150E333-8FDC-42A3-9474-1A3956D46DE8}") = "samples", "samples", "{A1D1D4FC-90C9-4AC1-8587-C420EA71D6A8}"
EndProject
Project("{FAE04EC0-301F-11D3-BF4B-00C04F79EFBC}") = "Expressions", "src\Expressions\Expressions.csproj", "{CC54C0A1-1E81-4D00-9EB0-C2D7711A574D}"
EndProject
Project("{FAE04EC0-301F-11D3-BF4B-00C04F79EFBC}") = "Expressions.Reading", "src\Expressions.Reading\Expressions.Reading.csproj", "{5AB270B2-0F3E-4B79-908A-DBB2B5E18D3D}"
EndProject
Project("{FAE04EC0-301F-11D3-BF4B-00C04F79EFBC}") = "Expressions.Writing", "src\Expressions.Writing\Expressions.Writing.csproj", "{98856F20-BF80-43CB-B935-39E23BCBCB86}"
EndProject
Project("{FAE04EC0-301F-11D3-BF4B-00C04F79EFBC}") = "Expressions.Database", "src\Expressions.Database\Expressions.Database.csproj", "{5F51DB70-02FF-4245-9304-9F038941B673}"
EndProject
Project("{FAE04EC0-301F-11D3-BF4B-00C04F79EFBC}") = "Expressions.EntityFrameworkCore", "src\Expressions.EntityFrameworkCore\Expressions.EntityFrameworkCore.csproj", "{DEB4D174-7CE5-4B5B-AAC5-FDDA39B356F8}"
EndProject
Project("{FAE04EC0-301F-11D3-BF4B-00C04F79EFBC}") = "Expressions.Marten", "src\Expressions.Marten\Expressions.Marten.csproj", "{EFC17A64-A9C7-482F-AB33-5A55BD494D8D}"
EndProject
Project("{FAE04EC0-301F-11D3-BF4B-00C04F79EFBC}") = "Expressions.Tests", "tests\Expressions.Tests\Expressions.Tests.csproj", "{1EDF3F9A-EA7F-4093-8F07-A5B5BBAA0E48}"
EndProject
Project("{FAE04EC0-301F-11D3-BF4B-00C04F79EFBC}") = "Helpdesk.Relational", "samples\Helpdesk.Relational\Helpdesk.Relational.csproj", "{D8BCFF8C-7F75-4F20-9406-97F055C23B5C}"
EndProject
Project("{FAE04EC0-301F-11D3-BF4B-00C04F79EFBC}") = "Expressions.EntityFrameworkCore.Tests", "tests\Expressions.EntityFrameworkCore.Tests\Expressions.EntityFrameworkCore.Tests.csproj", "{5E684427-5A58-44EF-A17C-01454E11F1FF}"
EndProject
Project("{FAE04EC0-301F-11D3-BF4B-00C04F79EFBC}") = "Expressions.Marten.Tests", "tests\Expressions.Marten.Tests\Expressions.Marten.Tests.csproj", "{C0BA44CB-2303-4BC0-A4BF-A0195E5CF6DC}"
EndProject
Project("{FAE04EC0-301F-11D3-BF4B-00C04F79EFBC}") = "Common.Tests", "tests\Common.Tests\Common.Tests.csproj", "{81C39727-4C58-4079-98DF-782073DBC61E}"
EndProject
Global
	GlobalSection(SolutionConfigurationPlatforms) = preSolution
		Debug|Any CPU = Debug|Any CPU
		Release|Any CPU = Release|Any CPU
	EndGlobalSection
	GlobalSection(SolutionProperties) = preSolution
		HideSolutionNode = FALSE
	EndGlobalSection
	GlobalSection(NestedProjects) = preSolution
		{CC54C0A1-1E81-4D00-9EB0-C2D7711A574D} = {4695B427-BD61-4FA2-A3F4-995AC92C9B02}
		{DEB4D174-7CE5-4B5B-AAC5-FDDA39B356F8} = {4695B427-BD61-4FA2-A3F4-995AC92C9B02}
		{1EDF3F9A-EA7F-4093-8F07-A5B5BBAA0E48} = {D47941D6-CDE2-4B95-B20B-7FE8F94F772B}
		{EFC17A64-A9C7-482F-AB33-5A55BD494D8D} = {4695B427-BD61-4FA2-A3F4-995AC92C9B02}
		{5AB270B2-0F3E-4B79-908A-DBB2B5E18D3D} = {4695B427-BD61-4FA2-A3F4-995AC92C9B02}
		{D8BCFF8C-7F75-4F20-9406-97F055C23B5C} = {A1D1D4FC-90C9-4AC1-8587-C420EA71D6A8}
		{98856F20-BF80-43CB-B935-39E23BCBCB86} = {4695B427-BD61-4FA2-A3F4-995AC92C9B02}
		{5F51DB70-02FF-4245-9304-9F038941B673} = {4695B427-BD61-4FA2-A3F4-995AC92C9B02}
		{5E684427-5A58-44EF-A17C-01454E11F1FF} = {D47941D6-CDE2-4B95-B20B-7FE8F94F772B}
		{C0BA44CB-2303-4BC0-A4BF-A0195E5CF6DC} = {D47941D6-CDE2-4B95-B20B-7FE8F94F772B}
		{81C39727-4C58-4079-98DF-782073DBC61E} = {D47941D6-CDE2-4B95-B20B-7FE8F94F772B}
	EndGlobalSection
	GlobalSection(ProjectConfigurationPlatforms) = postSolution
		{CC54C0A1-1E81-4D00-9EB0-C2D7711A574D}.Debug|Any CPU.ActiveCfg = Debug|Any CPU
		{CC54C0A1-1E81-4D00-9EB0-C2D7711A574D}.Debug|Any CPU.Build.0 = Debug|Any CPU
		{CC54C0A1-1E81-4D00-9EB0-C2D7711A574D}.Release|Any CPU.ActiveCfg = Release|Any CPU
		{CC54C0A1-1E81-4D00-9EB0-C2D7711A574D}.Release|Any CPU.Build.0 = Release|Any CPU
		{DEB4D174-7CE5-4B5B-AAC5-FDDA39B356F8}.Debug|Any CPU.ActiveCfg = Debug|Any CPU
		{DEB4D174-7CE5-4B5B-AAC5-FDDA39B356F8}.Debug|Any CPU.Build.0 = Debug|Any CPU
		{DEB4D174-7CE5-4B5B-AAC5-FDDA39B356F8}.Release|Any CPU.ActiveCfg = Release|Any CPU
		{DEB4D174-7CE5-4B5B-AAC5-FDDA39B356F8}.Release|Any CPU.Build.0 = Release|Any CPU
		{1EDF3F9A-EA7F-4093-8F07-A5B5BBAA0E48}.Debug|Any CPU.ActiveCfg = Debug|Any CPU
		{1EDF3F9A-EA7F-4093-8F07-A5B5BBAA0E48}.Debug|Any CPU.Build.0 = Debug|Any CPU
		{1EDF3F9A-EA7F-4093-8F07-A5B5BBAA0E48}.Release|Any CPU.ActiveCfg = Release|Any CPU
		{1EDF3F9A-EA7F-4093-8F07-A5B5BBAA0E48}.Release|Any CPU.Build.0 = Release|Any CPU
		{EFC17A64-A9C7-482F-AB33-5A55BD494D8D}.Debug|Any CPU.ActiveCfg = Debug|Any CPU
		{EFC17A64-A9C7-482F-AB33-5A55BD494D8D}.Debug|Any CPU.Build.0 = Debug|Any CPU
		{EFC17A64-A9C7-482F-AB33-5A55BD494D8D}.Release|Any CPU.ActiveCfg = Release|Any CPU
		{EFC17A64-A9C7-482F-AB33-5A55BD494D8D}.Release|Any CPU.Build.0 = Release|Any CPU
		{5AB270B2-0F3E-4B79-908A-DBB2B5E18D3D}.Debug|Any CPU.ActiveCfg = Debug|Any CPU
		{5AB270B2-0F3E-4B79-908A-DBB2B5E18D3D}.Debug|Any CPU.Build.0 = Debug|Any CPU
		{5AB270B2-0F3E-4B79-908A-DBB2B5E18D3D}.Release|Any CPU.ActiveCfg = Release|Any CPU
		{5AB270B2-0F3E-4B79-908A-DBB2B5E18D3D}.Release|Any CPU.Build.0 = Release|Any CPU
		{D8BCFF8C-7F75-4F20-9406-97F055C23B5C}.Debug|Any CPU.ActiveCfg = Debug|Any CPU
		{D8BCFF8C-7F75-4F20-9406-97F055C23B5C}.Debug|Any CPU.Build.0 = Debug|Any CPU
		{D8BCFF8C-7F75-4F20-9406-97F055C23B5C}.Release|Any CPU.ActiveCfg = Release|Any CPU
		{D8BCFF8C-7F75-4F20-9406-97F055C23B5C}.Release|Any CPU.Build.0 = Release|Any CPU
		{98856F20-BF80-43CB-B935-39E23BCBCB86}.Debug|Any CPU.ActiveCfg = Debug|Any CPU
		{98856F20-BF80-43CB-B935-39E23BCBCB86}.Debug|Any CPU.Build.0 = Debug|Any CPU
		{98856F20-BF80-43CB-B935-39E23BCBCB86}.Release|Any CPU.ActiveCfg = Release|Any CPU
		{98856F20-BF80-43CB-B935-39E23BCBCB86}.Release|Any CPU.Build.0 = Release|Any CPU
		{5F51DB70-02FF-4245-9304-9F038941B673}.Debug|Any CPU.ActiveCfg = Debug|Any CPU
		{5F51DB70-02FF-4245-9304-9F038941B673}.Debug|Any CPU.Build.0 = Debug|Any CPU
		{5F51DB70-02FF-4245-9304-9F038941B673}.Release|Any CPU.ActiveCfg = Release|Any CPU
		{5F51DB70-02FF-4245-9304-9F038941B673}.Release|Any CPU.Build.0 = Release|Any CPU
		{5E684427-5A58-44EF-A17C-01454E11F1FF}.Debug|Any CPU.ActiveCfg = Debug|Any CPU
		{5E684427-5A58-44EF-A17C-01454E11F1FF}.Debug|Any CPU.Build.0 = Debug|Any CPU
		{5E684427-5A58-44EF-A17C-01454E11F1FF}.Release|Any CPU.ActiveCfg = Release|Any CPU
		{5E684427-5A58-44EF-A17C-01454E11F1FF}.Release|Any CPU.Build.0 = Release|Any CPU
		{C0BA44CB-2303-4BC0-A4BF-A0195E5CF6DC}.Debug|Any CPU.ActiveCfg = Debug|Any CPU
		{C0BA44CB-2303-4BC0-A4BF-A0195E5CF6DC}.Debug|Any CPU.Build.0 = Debug|Any CPU
		{C0BA44CB-2303-4BC0-A4BF-A0195E5CF6DC}.Release|Any CPU.ActiveCfg = Release|Any CPU
		{C0BA44CB-2303-4BC0-A4BF-A0195E5CF6DC}.Release|Any CPU.Build.0 = Release|Any CPU
		{81C39727-4C58-4079-98DF-782073DBC61E}.Debug|Any CPU.ActiveCfg = Debug|Any CPU
		{81C39727-4C58-4079-98DF-782073DBC61E}.Debug|Any CPU.Build.0 = Debug|Any CPU
		{81C39727-4C58-4079-98DF-782073DBC61E}.Release|Any CPU.ActiveCfg = Release|Any CPU
		{81C39727-4C58-4079-98DF-782073DBC61E}.Release|Any CPU.Build.0 = Release|Any CPU
	EndGlobalSection
EndGlobal
