{
  "version": 1,
  "dependencies": {
    "net8.0": {
      "coverlet.collector": {
        "type": "Direct",
        "requested": "[6.0.0, )",
        "resolved": "6.0.0",
        "contentHash": "tW3lsNS+dAEII6YGUX/VMoJjBS1QvsxqJeqLaJXub08y1FSjasFPtQ4UBUsudE9PNrzLjooClMsPtY2cZLdXpQ=="
      },
      "coverlet.msbuild": {
        "type": "Direct",
        "requested": "[6.0.0, )",
        "resolved": "6.0.0",
        "contentHash": "cUKI50VSVBqDQDFIdBnjN0Jk5JYhjtD0geP2BZZv71/ZrKORJXcLRswFsojI+cHdV+rFUL2XDJEpuhK3x1YqLA=="
      },
      "FluentAssertions": {
        "type": "Direct",
        "requested": "[6.12.0, )",
        "resolved": "6.12.0",
        "contentHash": "ZXhHT2YwP9lajrwSKbLlFqsmCCvFJMoRSK9t7sImfnCyd0OB3MhgxdoMcVqxbq1iyxD6mD2fiackWmBb7ayiXQ==",
        "dependencies": {
          "System.Configuration.ConfigurationManager": "4.4.0"
        }
      },
      "Microsoft.NET.Test.Sdk": {
        "type": "Direct",
        "requested": "[17.8.0, )",
        "resolved": "17.8.0",
        "contentHash": "BmTYGbD/YuDHmApIENdoyN1jCk0Rj1fJB0+B/fVekyTdVidr91IlzhqzytiUgaEAzL1ZJcYCme0MeBMYvJVzvw==",
        "dependencies": {
          "Microsoft.CodeCoverage": "17.8.0",
          "Microsoft.TestPlatform.TestHost": "17.8.0"
        }
      },
      "xunit": {
        "type": "Direct",
        "requested": "[2.6.6, )",
        "resolved": "2.6.6",
        "contentHash": "MAbOOMtZIKyn2lrAmMlvhX0BhDOX/smyrTB+8WTXnSKkrmTGBS2fm8g1PZtHBPj91Dc5DJA7fY+/81TJ/yUFZw==",
        "dependencies": {
          "xunit.analyzers": "1.10.0",
          "xunit.assert": "2.6.6",
          "xunit.core": "[2.6.6]"
        }
      },
      "xunit.runner.visualstudio": {
        "type": "Direct",
        "requested": "[2.5.6, )",
        "resolved": "2.5.6",
        "contentHash": "CW6uhMXNaQQNMSG1IWhHkBT+V5eqHqn7MP0zfNMhU9wS/sgKX7FGL3rzoaUgt26wkY3bpf7pDVw3IjXhwfiP4w=="
      },
      "Azure.Core": {
        "type": "Transitive",
        "resolved": "1.6.0",
        "contentHash": "kI4m2NsODPOrxo0OoKjk6B3ADbdovhDQIEmI4039upjjZKRaewVLx/Uz4DfRa/NtnIRZQPUALe1yvdHWAoRt4w==",
        "dependencies": {
          "Microsoft.Bcl.AsyncInterfaces": "1.0.0",
          "System.Buffers": "4.5.0",
          "System.Diagnostics.DiagnosticSource": "4.6.0",
          "System.Memory": "4.5.3",
          "System.Numerics.Vectors": "4.5.0",
          "System.Text.Json": "4.6.0",
          "System.Threading.Tasks.Extensions": "4.5.2"
        }
      },
      "Azure.Identity": {
        "type": "Transitive",
        "resolved": "1.3.0",
        "contentHash": "l1SYfZKOFBuUFG7C2SWHmJcrQQaiXgBdVCycx4vcZQkC6efDVt7mzZ5pfJAFEJDBUq7mjRQ0RPq9ZDGdSswqMg==",
        "dependencies": {
          "Azure.Core": "1.6.0",
          "Microsoft.Identity.Client": "4.22.0",
          "Microsoft.Identity.Client.Extensions.Msal": "2.16.5",
          "System.Memory": "4.5.3",
          "System.Security.Cryptography.ProtectedData": "4.5.0",
          "System.Text.Json": "4.6.0",
          "System.Threading.Tasks.Extensions": "4.5.2"
        }
      },
      "BouncyCastle.Cryptography": {
        "type": "Transitive",
        "resolved": "2.2.1",
        "contentHash": "A6Zr52zVqJKt18ZBsTnX0qhG0kwIQftVAjLmszmkiR/trSp8H+xj1gUOzk7XHwaKgyREMSV1v9XaKrBUeIOdvQ=="
      },
      "Docker.DotNet": {
        "type": "Transitive",
        "resolved": "3.125.15",
        "contentHash": "XN8FKxVv8Mjmwu104/Hl9lM61pLY675s70gzwSj8KR5pwblo8HfWLcCuinh9kYsqujBkMH4HVRCEcRuU6al4BQ==",
        "dependencies": {
          "Newtonsoft.Json": "13.0.1",
          "System.Buffers": "4.5.1",
          "System.Threading.Tasks.Extensions": "4.5.4"
        }
      },
      "Docker.DotNet.X509": {
        "type": "Transitive",
        "resolved": "3.125.15",
        "contentHash": "ONQN7ImrL3tHStUUCCPHwrFFQVpIpE+7L6jaDAMwSF+yTEmeWBmRARQZDRuvfj/+WtB8RR0oTW0tT3qQMSyHOw==",
        "dependencies": {
          "Docker.DotNet": "3.125.15"
        }
      },
      "FastExpressionCompiler": {
        "type": "Transitive",
        "resolved": "4.0.0",
        "contentHash": "coV9hc12+oh70C38xjVa/Fjr4TUSTzk8TgPYx97zproqzJ+MTpOpVyiyb3HA/QPiqY3phBwFCZZ8BKKeDoiKxQ=="
      },
      "Humanizer.Core": {
        "type": "Transitive",
        "resolved": "2.14.1",
        "contentHash": "lQKvtaTDOXnoVJ20ibTuSIOf2i0uO0MPbDhd1jm238I+U/2ZnRENj0cktKZhtchBMtCUSRQ5v4xBCUbKNmyVMw=="
      },
      "JasperFx.CodeGeneration": {
        "type": "Transitive",
        "resolved": "3.4.0",
        "contentHash": "xbDfXgvTPLzQngjfKnK/MjQ/eEXdVqXzJzqHnD86tw2swk/jWmS4XIvrMl/eXAoO5UfWqEWlPByOkE7wG7OVrA==",
        "dependencies": {
          "FastExpressionCompiler": "4.0.0",
          "JasperFx.Core": "1.5.0"
        }
      },
      "JasperFx.Core": {
        "type": "Transitive",
        "resolved": "1.5.1",
        "contentHash": "k6pwtvEQmbhiluXsc1KVqhXs4JG1CbW5EEsHl4BV2AmhXG4kZfvpyTAS34r7nqwvGLxiQDrDoMijtp3L7nlUsA=="
      },
      "JasperFx.RuntimeCompiler": {
        "type": "Transitive",
        "resolved": "3.4.0",
        "contentHash": "w9ONPXyRzKzOVldUvU1JLCvKoXJDgDsATya9xJ+3KcK/Z3N9ahb/qUxtw9JtX2lmNN3V+E+ZSJ/SFdg2q44VXg==",
        "dependencies": {
          "JasperFx.CodeGeneration": "3.4.0",
          "Microsoft.CodeAnalysis": "4.7.0",
          "Microsoft.CodeAnalysis.CSharp": "4.7.0",
          "Microsoft.CodeAnalysis.Scripting": "4.7.0",
          "Microsoft.Extensions.Logging.Abstractions": "[6.0.0, 9.0.0)"
        }
      },
      "Marten": {
        "type": "Transitive",
        "resolved": "6.4.1",
        "contentHash": "YvgHC2EyL4JP5s2yp/vfwDid1EONaKV7c4i3WVQ4GzK/rBX4RQxkFj3CQHatBlxZtVnTdZwiya8pPNMPM/UHvw==",
        "dependencies": {
          "JasperFx.CodeGeneration": "3.4.0",
          "JasperFx.Core": "1.5.1",
          "JasperFx.RuntimeCompiler": "3.4.0",
          "Microsoft.Extensions.DependencyInjection.Abstractions": "7.0.0",
          "Microsoft.Extensions.Hosting.Abstractions": "7.0.0",
          "Microsoft.Extensions.Logging.Abstractions": "7.0.1",
          "Newtonsoft.Json": "13.0.3",
          "Npgsql.Json.NET": "7.0.6",
          "Remotion.Linq": "2.2.0",
          "System.Text.Json": "7.0.4",
          "System.Threading.Tasks.Dataflow": "7.0.0",
          "Weasel.Postgresql": "6.4.1"
        }
      },
      "Microsoft.Bcl.AsyncInterfaces": {
        "type": "Transitive",
        "resolved": "7.0.0",
        "contentHash": "3aeMZ1N0lJoSyzqiP03hqemtb1BijhsJADdobn/4nsMJ8V1H+CrpuduUe4hlRdx+ikBQju1VGjMD1GJ3Sk05Eg=="
      },
      "Microsoft.CodeAnalysis": {
        "type": "Transitive",
        "resolved": "4.7.0",
        "contentHash": "zJQG1aUshI5R28EmVPnXgtVL5sLLAGOelLNkMlEKH3yh4sLUVPepitRe+HM0lSRLoTSu/ya0prwtUDku9xsZWQ==",
        "dependencies": {
          "Microsoft.CodeAnalysis.CSharp.Workspaces": "[4.7.0]",
          "Microsoft.CodeAnalysis.VisualBasic.Workspaces": "[4.7.0]"
        }
      },
      "Microsoft.CodeAnalysis.Analyzers": {
        "type": "Transitive",
        "resolved": "3.3.4",
        "contentHash": "AxkxcPR+rheX0SmvpLVIGLhOUXAKG56a64kV9VQZ4y9gR9ZmPXnqZvHJnmwLSwzrEP6junUF11vuc+aqo5r68g=="
      },
      "Microsoft.CodeAnalysis.Common": {
        "type": "Transitive",
        "resolved": "4.7.0",
        "contentHash": "pD5S14xMUebSGYe75kt0q/aaS/ftvktSo/pEv7aX7hNPHfdZS+SZeXvkvcffGxWkunYOyRF9m1oN7zzSdYj9dQ==",
        "dependencies": {
          "Microsoft.CodeAnalysis.Analyzers": "3.3.4",
          "System.Collections.Immutable": "7.0.0",
          "System.Reflection.Metadata": "7.0.0",
          "System.Runtime.CompilerServices.Unsafe": "6.0.0"
        }
      },
      "Microsoft.CodeAnalysis.CSharp": {
        "type": "Transitive",
        "resolved": "4.7.0",
        "contentHash": "JHCP2L6lB0oJ3tQoHkC67SFZxW+KbJVOnAo+6L01K5r/NlBlSUhTk5nUAldWhTVwGdzqNeHqGtnEqpsCmGSwQA==",
        "dependencies": {
          "Microsoft.CodeAnalysis.Common": "[4.7.0]"
        }
      },
      "Microsoft.CodeAnalysis.CSharp.Scripting": {
        "type": "Transitive",
        "resolved": "4.7.0",
        "contentHash": "c2a+u437pZCaAcNSdI0hvvb5vAWph+sQYRpU7eFHaVU3s8Z3qOd72UJFI4m96x2bVt/7O3oSvxGSfMFf9g8DFg==",
        "dependencies": {
          "Microsoft.CSharp": "4.7.0",
          "Microsoft.CodeAnalysis.CSharp": "[4.7.0]",
          "Microsoft.CodeAnalysis.Common": "[4.7.0]",
          "Microsoft.CodeAnalysis.Scripting.Common": "[4.7.0]"
        }
      },
      "Microsoft.CodeAnalysis.CSharp.Workspaces": {
        "type": "Transitive",
        "resolved": "4.7.0",
        "contentHash": "SGTp5f22SJJKTHzNe3cfk57KHX7sYxrnfG9juXrbIidt3pooKMnxMN9aBCI/smMCLLB7RHITJrbzGCKvYhBqpA==",
        "dependencies": {
          "Humanizer.Core": "2.14.1",
          "Microsoft.CodeAnalysis.CSharp": "[4.7.0]",
          "Microsoft.CodeAnalysis.Common": "[4.7.0]",
          "Microsoft.CodeAnalysis.Workspaces.Common": "[4.7.0]"
        }
      },
      "Microsoft.CodeAnalysis.Scripting": {
        "type": "Transitive",
        "resolved": "4.7.0",
        "contentHash": "Ivv76l3bR8A6jVKWSJ79/Evt+0gz+tDkJPHzCeviz7ML/j0My8pOqd+Bz5WT5Qfhqo+yMMKC3Lku8nE9oLghhg==",
        "dependencies": {
          "Microsoft.CodeAnalysis.CSharp.Scripting": "[4.7.0]"
        }
      },
      "Microsoft.CodeAnalysis.Scripting.Common": {
        "type": "Transitive",
        "resolved": "4.7.0",
        "contentHash": "/rooxKDFwy5XnhXdhGfk0I7zaPuLg6G+jPlS0r0gxmdgYwhqIvLBRm2DMyI2WthxwGtPTCo2LqhCc5i5+JEnaw==",
        "dependencies": {
          "Microsoft.CodeAnalysis.Common": "[4.7.0]"
        }
      },
      "Microsoft.CodeAnalysis.VisualBasic": {
        "type": "Transitive",
        "resolved": "4.7.0",
        "contentHash": "smGPrhgifTZqPbUQ5UoHOtcKGIG1nHGGOy7lbQ0Td/ByrVQ9UEmOTDPvIOhhzYc9LNQo2zmxRTXTvkx+PJVARA==",
        "dependencies": {
          "Microsoft.CodeAnalysis.Common": "[4.7.0]"
        }
      },
      "Microsoft.CodeAnalysis.VisualBasic.Workspaces": {
        "type": "Transitive",
        "resolved": "4.7.0",
        "contentHash": "TfMS0+BFJ6YXsyqmSuGcTFC1/vtED35X4oMIDLrpAboNmgrx0ukR83pVKE2cGpF5ck9DzCmWvZNPHNiKc7d99g==",
        "dependencies": {
          "Microsoft.CodeAnalysis.Common": "[4.7.0]",
          "Microsoft.CodeAnalysis.VisualBasic": "[4.7.0]",
          "Microsoft.CodeAnalysis.Workspaces.Common": "[4.7.0]"
        }
      },
      "Microsoft.CodeAnalysis.Workspaces.Common": {
        "type": "Transitive",
        "resolved": "4.7.0",
        "contentHash": "izjaI7OzNQnIiIJJQ5nLETA98rSWyCjkmup55bdLXWjUKYsFt/kz94uedtzGaWOOgTyHPRhQG9kgr6wNIZXxjA==",
        "dependencies": {
          "Humanizer.Core": "2.14.1",
          "Microsoft.Bcl.AsyncInterfaces": "7.0.0",
          "Microsoft.CodeAnalysis.Common": "[4.7.0]",
          "System.Composition": "7.0.0",
          "System.IO.Pipelines": "7.0.0",
          "System.Threading.Channels": "7.0.0"
        }
      },
      "Microsoft.CodeCoverage": {
        "type": "Transitive",
        "resolved": "17.8.0",
        "contentHash": "KC8SXWbGIdoFVdlxKk9WHccm0llm9HypcHMLUUFabRiTS3SO2fQXNZfdiF3qkEdTJhbRrxhdRxjL4jbtwPq4Ew=="
      },
      "Microsoft.CSharp": {
        "type": "Transitive",
        "resolved": "4.7.0",
        "contentHash": "pTj+D3uJWyN3My70i2Hqo+OXixq3Os2D1nJ2x92FFo6sk8fYS1m1WLNTs0Dc1uPaViH0YvEEwvzddQ7y4rhXmA=="
      },
      "Microsoft.Data.SqlClient": {
        "type": "Transitive",
        "resolved": "4.0.5",
        "contentHash": "ivuv7JpPPQyjbCuwztuSupm/Cdf3xch/38PAvFGm3WfK6NS1LZ5BmnX8Zi0u1fdQJEpW5dNZWtkQCq0wArytxA==",
        "dependencies": {
          "Azure.Identity": "1.3.0",
          "Microsoft.Data.SqlClient.SNI.runtime": "4.0.1",
          "Microsoft.Identity.Client": "4.22.0",
          "Microsoft.IdentityModel.JsonWebTokens": "6.8.0",
          "Microsoft.IdentityModel.Protocols.OpenIdConnect": "6.8.0",
          "Microsoft.Win32.Registry": "5.0.0",
          "System.Buffers": "4.5.1",
          "System.Configuration.ConfigurationManager": "5.0.0",
          "System.Diagnostics.DiagnosticSource": "5.0.0",
          "System.IO": "4.3.0",
          "System.Resources.ResourceManager": "4.3.0",
          "System.Runtime.Caching": "5.0.0",
          "System.Security.Cryptography.Cng": "5.0.0",
          "System.Security.Principal.Windows": "5.0.0",
          "System.Text.Encoding.CodePages": "5.0.0",
          "System.Text.Encodings.Web": "4.7.2"
        }
      },
      "Microsoft.Data.SqlClient.SNI.runtime": {
        "type": "Transitive",
        "resolved": "4.0.1",
        "contentHash": "oH/lFYa8LY9L7AYXpPz2Via8cgzmp/rLhcsZn4t4GeEL5hPHPbXjSTBMl5qcW84o0pBkAqP/dt5mCzS64f6AZg=="
      },
      "Microsoft.Extensions.Configuration.Abstractions": {
        "type": "Transitive",
        "resolved": "7.0.0",
        "contentHash": "f34u2eaqIjNO9YLHBz8rozVZ+TcFiFs0F3r7nUJd7FRkVSxk8u4OpoK226mi49MwexHOR2ibP9MFvRUaLilcQQ==",
        "dependencies": {
          "Microsoft.Extensions.Primitives": "7.0.0"
        }
      },
      "Microsoft.Extensions.DependencyInjection": {
        "type": "Transitive",
        "resolved": "6.0.1",
        "contentHash": "vWXPg3HJQIpZkENn1KWq8SfbqVujVD7S7vIAyFXXqK5xkf1Vho+vG0bLBCHxU36lD1cLLtmGpfYf0B3MYFi9tQ==",
        "dependencies": {
          "Microsoft.Extensions.DependencyInjection.Abstractions": "6.0.0",
          "System.Runtime.CompilerServices.Unsafe": "6.0.0"
        }
      },
      "Microsoft.Extensions.DependencyInjection.Abstractions": {
        "type": "Transitive",
        "resolved": "7.0.0",
        "contentHash": "h3j/QfmFN4S0w4C2A6X7arXij/M/OVw3uQHSOFxnND4DyAzO1F9eMX7Eti7lU/OkSthEE0WzRsfT/Dmx86jzCw=="
      },
      "Microsoft.Extensions.FileProviders.Abstractions": {
        "type": "Transitive",
        "resolved": "7.0.0",
        "contentHash": "NyawiW9ZT/liQb34k9YqBSNPLuuPkrjMgQZ24Y/xXX1RoiBkLUdPMaQTmxhZ5TYu8ZKZ9qayzil75JX95vGQUg==",
        "dependencies": {
          "Microsoft.Extensions.Primitives": "7.0.0"
        }
      },
      "Microsoft.Extensions.Hosting.Abstractions": {
        "type": "Transitive",
        "resolved": "7.0.0",
        "contentHash": "43n9Je09z0p/7ViPxfRqs5BUItRLNVh5b6JH40F2Agkh2NBsY/jpNYTtbCcxrHCsA3oRmbR6RJBzUutB4VZvNQ==",
        "dependencies": {
          "Microsoft.Extensions.Configuration.Abstractions": "7.0.0",
          "Microsoft.Extensions.DependencyInjection.Abstractions": "7.0.0",
          "Microsoft.Extensions.FileProviders.Abstractions": "7.0.0"
        }
      },
      "Microsoft.Extensions.Logging.Abstractions": {
        "type": "Transitive",
        "resolved": "7.0.1",
        "contentHash": "pkeBFx0vqMW/A3aUVHh7MPu3WkBhaVlezhSZeb1c9XD0vUReYH1TLFSy5MxJgZfmz5LZzYoErMorlYZiwpOoNA=="
      },
      "Microsoft.Extensions.Primitives": {
        "type": "Transitive",
        "resolved": "7.0.0",
        "contentHash": "um1KU5kxcRp3CNuI8o/GrZtD4AIOXDk+RLsytjZ9QPok3ttLUelLKpilVPuaFT3TFjOhSibUAso0odbOaCDj3Q=="
      },
      "Microsoft.Identity.Client": {
        "type": "Transitive",
        "resolved": "4.22.0",
        "contentHash": "GlamU9rs8cSVIx9WSGv5QKpt66KkE+ImxNa/wNZZUJ3knt3PM98T9sOY8B7NcEfhw7NoxU2/0TSOcmnRSJQgqw=="
      },
      "Microsoft.Identity.Client.Extensions.Msal": {
        "type": "Transitive",
        "resolved": "2.16.5",
        "contentHash": "VlGUZEpF8KP/GCfFI59sdE0WA0o9quqwM1YQY0dSp6jpGy5EOBkureaybLfpwCuYUUjQbLkN2p7neUIcQCfbzA==",
        "dependencies": {
          "Microsoft.Identity.Client": "4.22.0",
          "System.Security.Cryptography.ProtectedData": "4.5.0"
        }
      },
      "Microsoft.IdentityModel.JsonWebTokens": {
        "type": "Transitive",
        "resolved": "6.8.0",
        "contentHash": "+7JIww64PkMt7NWFxoe4Y/joeF7TAtA/fQ0b2GFGcagzB59sKkTt/sMZWR6aSZht5YC7SdHi3W6yM1yylRGJCQ==",
        "dependencies": {
          "Microsoft.IdentityModel.Tokens": "6.8.0"
        }
      },
      "Microsoft.IdentityModel.Logging": {
        "type": "Transitive",
        "resolved": "6.8.0",
        "contentHash": "Rfh/p4MaN4gkmhPxwbu8IjrmoDncGfHHPh1sTnc0AcM/Oc39/fzC9doKNWvUAjzFb8LqA6lgZyblTrIsX/wDXg=="
      },
      "Microsoft.IdentityModel.Protocols": {
        "type": "Transitive",
        "resolved": "6.8.0",
        "contentHash": "OJZx5nPdiH+MEkwCkbJrTAUiO/YzLe0VSswNlDxJsJD9bhOIdXHufh650pfm59YH1DNevp3/bXzukKrG57gA1w==",
        "dependencies": {
          "Microsoft.IdentityModel.Logging": "6.8.0",
          "Microsoft.IdentityModel.Tokens": "6.8.0"
        }
      },
      "Microsoft.IdentityModel.Protocols.OpenIdConnect": {
        "type": "Transitive",
        "resolved": "6.8.0",
        "contentHash": "X/PiV5l3nYYsodtrNMrNQIVlDmHpjQQ5w48E+o/D5H4es2+4niEyQf3l03chvZGWNzBRhfSstaXr25/Ye4AeYw==",
        "dependencies": {
          "Microsoft.IdentityModel.Protocols": "6.8.0",
          "System.IdentityModel.Tokens.Jwt": "6.8.0"
        }
      },
      "Microsoft.IdentityModel.Tokens": {
        "type": "Transitive",
        "resolved": "6.8.0",
        "contentHash": "gTqzsGcmD13HgtNePPcuVHZ/NXWmyV+InJgalW/FhWpII1D7V1k0obIseGlWMeA4G+tZfeGMfXr0klnWbMR/mQ==",
        "dependencies": {
          "Microsoft.CSharp": "4.5.0",
          "Microsoft.IdentityModel.Logging": "6.8.0",
          "System.Security.Cryptography.Cng": "4.5.0"
        }
      },
      "Microsoft.NETCore.Platforms": {
        "type": "Transitive",
        "resolved": "5.0.0",
        "contentHash": "VyPlqzH2wavqquTcYpkIIAQ6WdenuKoFN0BdYBbCWsclXacSOHNQn66Gt4z5NBqEYW0FAPm5rlvki9ZiCij5xQ=="
      },
      "Microsoft.NETCore.Targets": {
        "type": "Transitive",
        "resolved": "1.1.0",
        "contentHash": "aOZA3BWfz9RXjpzt0sRJJMjAscAUm3Hoa4UWAfceV9UTYxgwZ1lZt5nO2myFf+/jetYQo4uTP7zS8sJY67BBxg=="
      },
      "Microsoft.TestPlatform.ObjectModel": {
        "type": "Transitive",
        "resolved": "17.8.0",
        "contentHash": "AYy6vlpGMfz5kOFq99L93RGbqftW/8eQTqjT9iGXW6s9MRP3UdtY8idJ8rJcjeSja8A18IhIro5YnH3uv1nz4g==",
        "dependencies": {
          "NuGet.Frameworks": "6.5.0",
          "System.Reflection.Metadata": "1.6.0"
        }
      },
      "Microsoft.TestPlatform.TestHost": {
        "type": "Transitive",
        "resolved": "17.8.0",
        "contentHash": "9ivcl/7SGRmOT0YYrHQGohWiT5YCpkmy/UEzldfVisLm6QxbLaK3FAJqZXI34rnRLmqqDCeMQxKINwmKwAPiDw==",
        "dependencies": {
          "Microsoft.TestPlatform.ObjectModel": "17.8.0",
          "Newtonsoft.Json": "13.0.1"
        }
      },
      "Microsoft.Win32.Registry": {
        "type": "Transitive",
        "resolved": "5.0.0",
        "contentHash": "dDoKi0PnDz31yAyETfRntsLArTlVAVzUzCIvvEDsDsucrl33Dl8pIJG06ePTJTI3tGpeyHS9Cq7Foc/s4EeKcg==",
        "dependencies": {
          "System.Security.AccessControl": "5.0.0",
          "System.Security.Principal.Windows": "5.0.0"
        }
      },
      "Microsoft.Win32.SystemEvents": {
        "type": "Transitive",
        "resolved": "5.0.0",
        "contentHash": "Bh6blKG8VAKvXiLe2L+sEsn62nc1Ij34MrNxepD2OCrS5cpCwQa9MeLyhVQPQ/R4Wlzwuy6wMK8hLb11QPDRsQ==",
        "dependencies": {
          "Microsoft.NETCore.Platforms": "5.0.0"
        }
      },
      "Newtonsoft.Json": {
        "type": "Transitive",
        "resolved": "13.0.3",
        "contentHash": "HrC5BXdl00IP9zeV+0Z848QWPAoCr9P3bDEZguI+gkLcBKAOxix/tLEAAHC+UvDNPv4a2d18lOReHMOagPa+zQ=="
      },
      "Npgsql": {
        "type": "Transitive",
        "resolved": "7.0.6",
        "contentHash": "TAqvwRnm3NJ0QvN7cvu6geJkbI0XPzGVRElVY5hF4gsgA+BnE12x6GM1TLhdeq+7ZKvvo3BD8jXKnXmr3tvdEw==",
        "dependencies": {
          "Microsoft.Extensions.Logging.Abstractions": "6.0.0"
        }
      },
      "Npgsql.Json.NET": {
        "type": "Transitive",
        "resolved": "7.0.6",
        "contentHash": "2lK6Ru3M59AUi3A/y2DktC56EpMr9nhlLasHdfozAlMCUORSgfUaTpt2mTXa9Dk+fykMVKH/oLWXTegdQVvrxA==",
        "dependencies": {
          "Newtonsoft.Json": "13.0.1",
          "Npgsql": "7.0.6"
        }
      },
      "NuGet.Frameworks": {
        "type": "Transitive",
        "resolved": "6.5.0",
        "contentHash": "QWINE2x3MbTODsWT1Gh71GaGb5icBz4chS8VYvTgsBnsi8esgN6wtHhydd7fvToWECYGq7T4cgBBDiKD/363fg=="
      },
      "Remotion.Linq": {
        "type": "Transitive",
        "resolved": "2.2.0",
        "contentHash": "fK/76UmpC0FXBlGDFVPLJHQlDLYnGC+XY3eoDgCgbtrhi0vzbXDQ3n/IYHhqSKqXQfGw/u04A1drWs7rFVkRjw==",
        "dependencies": {
          "System.Collections": "4.0.11",
          "System.Diagnostics.Debug": "4.0.11",
          "System.Linq": "4.1.0",
          "System.Linq.Expressions": "4.1.0",
          "System.Linq.Queryable": "4.0.1",
          "System.ObjectModel": "4.0.12",
          "System.Reflection": "4.1.0",
          "System.Reflection.Extensions": "4.0.1",
          "System.Runtime": "4.1.0",
          "System.Runtime.Extensions": "4.1.0",
          "System.Threading": "4.0.11"
        }
      },
      "Respawn": {
        "type": "Transitive",
        "resolved": "6.2.1",
        "contentHash": "b8v9a1+08FKiDtqi6KllaJEeJiB1cmkD3kmOXDNIR+U85gEaZitwl6Gxq6RU5NL34OLmdQ5dB+QE0rhVCX+lEA==",
        "dependencies": {
          "Microsoft.Data.SqlClient": "4.0.5"
        }
      },
      "SharpZipLib": {
        "type": "Transitive",
        "resolved": "1.4.2",
        "contentHash": "yjj+3zgz8zgXpiiC3ZdF/iyTBbz2fFvMxZFEBPUcwZjIvXOf37Ylm+K58hqMfIBt5JgU/Z2uoUS67JmTLe973A=="
      },
      "SSH.NET": {
        "type": "Transitive",
        "resolved": "2023.0.0",
        "contentHash": "g+3VDUrYhm0sqSxmlQFgRFrmBxhQvVh4pfn4pqjkX7WXE3tTjt1tIsOtjuz3mz/5s8gFFQVRydwCJ7Ohs54sJA==",
        "dependencies": {
          "SshNet.Security.Cryptography": "[1.3.0]"
        }
      },
      "SshNet.Security.Cryptography": {
        "type": "Transitive",
        "resolved": "1.3.0",
        "contentHash": "5pBIXRjcSO/amY8WztpmNOhaaCNHY/B6CcYDI7FSTgqSyo/ZUojlLiKcsl+YGbxQuLX439qIkMfP0PHqxqJi/Q=="
      },
      "System.Buffers": {
        "type": "Transitive",
        "resolved": "4.5.1",
        "contentHash": "Rw7ijyl1qqRS0YQD/WycNst8hUUMgrMH4FCn1nNm27M4VxchZ1js3fVjQaANHO5f3sN4isvP4a+Met9Y4YomAg=="
      },
      "System.Collections": {
        "type": "Transitive",
        "resolved": "4.0.11",
        "contentHash": "YUJGz6eFKqS0V//mLt25vFGrrCvOnsXjlvFQs+KimpwNxug9x0Pzy4PlFMU3Q2IzqAa9G2L4LsK3+9vCBK7oTg==",
        "dependencies": {
          "Microsoft.NETCore.Platforms": "1.0.1",
          "Microsoft.NETCore.Targets": "1.0.1",
          "System.Runtime": "4.1.0"
        }
      },
      "System.Collections.Immutable": {
        "type": "Transitive",
        "resolved": "7.0.0",
        "contentHash": "dQPcs0U1IKnBdRDBkrCTi1FoajSTBzLcVTpjO4MBCMC7f4pDOIPzgBoX8JjG7X6uZRJ8EBxsi8+DR1JuwjnzOQ=="
      },
      "System.Composition": {
        "type": "Transitive",
        "resolved": "7.0.0",
        "contentHash": "tRwgcAkDd85O8Aq6zHDANzQaq380cek9lbMg5Qma46u5BZXq/G+XvIYmu+UI+BIIZ9zssXLYrkTykEqxxvhcmg==",
        "dependencies": {
          "System.Composition.AttributedModel": "7.0.0",
          "System.Composition.Convention": "7.0.0",
          "System.Composition.Hosting": "7.0.0",
          "System.Composition.Runtime": "7.0.0",
          "System.Composition.TypedParts": "7.0.0"
        }
      },
      "System.Composition.AttributedModel": {
        "type": "Transitive",
        "resolved": "7.0.0",
        "contentHash": "2QzClqjElKxgI1jK1Jztnq44/8DmSuTSGGahXqQ4TdEV0h9s2KikQZIgcEqVzR7OuWDFPGLHIprBJGQEPr8fAQ=="
      },
      "System.Composition.Convention": {
        "type": "Transitive",
        "resolved": "7.0.0",
        "contentHash": "IMhTlpCs4HmlD8B+J8/kWfwX7vrBBOs6xyjSTzBlYSs7W4OET4tlkR/Sg9NG8jkdJH9Mymq0qGdYS1VPqRTBnQ==",
        "dependencies": {
          "System.Composition.AttributedModel": "7.0.0"
        }
      },
      "System.Composition.Hosting": {
        "type": "Transitive",
        "resolved": "7.0.0",
        "contentHash": "eB6gwN9S+54jCTBJ5bpwMOVerKeUfGGTYCzz3QgDr1P55Gg/Wb27ShfPIhLMjmZ3MoAKu8uUSv6fcCdYJTN7Bg==",
        "dependencies": {
          "System.Composition.Runtime": "7.0.0"
        }
      },
      "System.Composition.Runtime": {
        "type": "Transitive",
        "resolved": "7.0.0",
        "contentHash": "aZJ1Zr5Txe925rbo4742XifEyW0MIni1eiUebmcrP3HwLXZ3IbXUj4MFMUH/RmnJOAQiS401leg/2Sz1MkApDw=="
      },
      "System.Composition.TypedParts": {
        "type": "Transitive",
        "resolved": "7.0.0",
        "contentHash": "ZK0KNPfbtxVceTwh+oHNGUOYV2WNOHReX2AXipuvkURC7s/jPwoWfsu3SnDBDgofqbiWr96geofdQ2erm/KTHg==",
        "dependencies": {
          "System.Composition.AttributedModel": "7.0.0",
          "System.Composition.Hosting": "7.0.0",
          "System.Composition.Runtime": "7.0.0"
        }
      },
      "System.Configuration.ConfigurationManager": {
        "type": "Transitive",
        "resolved": "5.0.0",
        "contentHash": "aM7cbfEfVNlEEOj3DsZP+2g9NRwbkyiAv2isQEzw7pnkDg9ekCU2m1cdJLM02Uq691OaCS91tooaxcEn8d0q5w==",
        "dependencies": {
          "System.Security.Cryptography.ProtectedData": "5.0.0",
          "System.Security.Permissions": "5.0.0"
        }
      },
      "System.Diagnostics.Debug": {
        "type": "Transitive",
        "resolved": "4.0.11",
        "contentHash": "w5U95fVKHY4G8ASs/K5iK3J5LY+/dLFd4vKejsnI/ZhBsWS9hQakfx3Zr7lRWKg4tAw9r4iktyvsTagWkqYCiw==",
        "dependencies": {
          "Microsoft.NETCore.Platforms": "1.0.1",
          "Microsoft.NETCore.Targets": "1.0.1",
          "System.Runtime": "4.1.0"
        }
      },
      "System.Diagnostics.DiagnosticSource": {
        "type": "Transitive",
        "resolved": "5.0.0",
        "contentHash": "tCQTzPsGZh/A9LhhA6zrqCRV4hOHsK90/G7q3Khxmn6tnB1PuNU0cRaKANP2AWcF9bn0zsuOoZOSrHuJk6oNBA=="
      },
      "System.Drawing.Common": {
        "type": "Transitive",
        "resolved": "5.0.0",
        "contentHash": "SztFwAnpfKC8+sEKXAFxCBWhKQaEd97EiOL7oZJZP56zbqnLpmxACWA8aGseaUExciuEAUuR9dY8f7HkTRAdnw==",
        "dependencies": {
          "Microsoft.Win32.SystemEvents": "5.0.0"
        }
      },
      "System.Formats.Asn1": {
        "type": "Transitive",
        "resolved": "5.0.0",
        "contentHash": "MTvUIktmemNB+El0Fgw9egyqT9AYSIk6DTJeoDSpc3GIHxHCMo8COqkWT1mptX5tZ1SlQ6HJZ0OsSvMth1c12w=="
      },
      "System.Globalization": {
        "type": "Transitive",
        "resolved": "4.3.0",
        "contentHash": "kYdVd2f2PAdFGblzFswE4hkNANJBKRmsfa2X5LG2AcWE1c7/4t0pYae1L8vfZ5xvE2nK/R9JprtToA61OSHWIg==",
        "dependencies": {
          "Microsoft.NETCore.Platforms": "1.1.0",
          "Microsoft.NETCore.Targets": "1.1.0",
          "System.Runtime": "4.3.0"
        }
      },
      "System.IdentityModel.Tokens.Jwt": {
        "type": "Transitive",
        "resolved": "6.8.0",
        "contentHash": "5tBCjAub2Bhd5qmcd0WhR5s354e4oLYa//kOWrkX+6/7ZbDDJjMTfwLSOiZ/MMpWdE4DWPLOfTLOq/juj9CKzA==",
        "dependencies": {
          "Microsoft.IdentityModel.JsonWebTokens": "6.8.0",
          "Microsoft.IdentityModel.Tokens": "6.8.0"
        }
      },
      "System.IO": {
        "type": "Transitive",
        "resolved": "4.3.0",
        "contentHash": "3qjaHvxQPDpSOYICjUoTsmoq5u6QJAFRUITgeT/4gqkF1bajbSmb1kwSxEA8AHlofqgcKJcM8udgieRNhaJ5Cg==",
        "dependencies": {
          "Microsoft.NETCore.Platforms": "1.1.0",
          "Microsoft.NETCore.Targets": "1.1.0",
          "System.Runtime": "4.3.0",
          "System.Text.Encoding": "4.3.0",
          "System.Threading.Tasks": "4.3.0"
        }
      },
      "System.IO.Pipelines": {
        "type": "Transitive",
        "resolved": "7.0.0",
        "contentHash": "jRn6JYnNPW6xgQazROBLSfpdoczRw694vO5kKvMcNnpXuolEixUyw6IBuBs2Y2mlSX/LdLvyyWmfXhaI3ND1Yg=="
      },
      "System.Linq": {
        "type": "Transitive",
        "resolved": "4.1.0",
        "contentHash": "bQ0iYFOQI0nuTnt+NQADns6ucV4DUvMdwN6CbkB1yj8i7arTGiTN5eok1kQwdnnNWSDZfIUySQY+J3d5KjWn0g==",
        "dependencies": {
          "System.Collections": "4.0.11",
          "System.Diagnostics.Debug": "4.0.11",
          "System.Resources.ResourceManager": "4.0.1",
          "System.Runtime": "4.1.0",
          "System.Runtime.Extensions": "4.1.0"
        }
      },
      "System.Linq.Expressions": {
        "type": "Transitive",
        "resolved": "4.1.0",
        "contentHash": "I+y02iqkgmCAyfbqOmSDOgqdZQ5tTj80Akm5BPSS8EeB0VGWdy6X1KCoYe8Pk6pwDoAKZUOdLVxnTJcExiv5zw==",
        "dependencies": {
          "System.Collections": "4.0.11",
          "System.Diagnostics.Debug": "4.0.11",
          "System.Globalization": "4.0.11",
          "System.IO": "4.1.0",
          "System.Linq": "4.1.0",
          "System.ObjectModel": "4.0.12",
          "System.Reflection": "4.1.0",
          "System.Reflection.Emit": "4.0.1",
          "System.Reflection.Emit.ILGeneration": "4.0.1",
          "System.Reflection.Emit.Lightweight": "4.0.1",
          "System.Reflection.Extensions": "4.0.1",
          "System.Reflection.Primitives": "4.0.1",
          "System.Reflection.TypeExtensions": "4.1.0",
          "System.Resources.ResourceManager": "4.0.1",
          "System.Runtime": "4.1.0",
          "System.Runtime.Extensions": "4.1.0",
          "System.Threading": "4.0.11"
        }
      },
      "System.Linq.Queryable": {
        "type": "Transitive",
        "resolved": "4.0.1",
        "contentHash": "Yn/WfYe9RoRfmSLvUt2JerP0BTGGykCZkQPgojaxgzF2N0oPo+/AhB8TXOpdCcNlrG3VRtsamtK2uzsp3cqRVw==",
        "dependencies": {
          "System.Collections": "4.0.11",
          "System.Diagnostics.Debug": "4.0.11",
          "System.Linq": "4.1.0",
          "System.Linq.Expressions": "4.1.0",
          "System.Reflection": "4.1.0",
          "System.Reflection.Extensions": "4.0.1",
          "System.Resources.ResourceManager": "4.0.1",
          "System.Runtime": "4.1.0"
        }
      },
      "System.Memory": {
        "type": "Transitive",
        "resolved": "4.5.3",
        "contentHash": "3oDzvc/zzetpTKWMShs1AADwZjQ/36HnsufHRPcOjyRAAMLDlu2iD33MBI2opxnezcVUtXyqDXXjoFMOU9c7SA=="
      },
      "System.Numerics.Vectors": {
        "type": "Transitive",
        "resolved": "4.5.0",
        "contentHash": "QQTlPTl06J/iiDbJCiepZ4H//BVraReU4O4EoRw1U02H5TLUIT7xn3GnDp9AXPSlJUDyFs4uWjWafNX6WrAojQ=="
      },
      "System.ObjectModel": {
        "type": "Transitive",
        "resolved": "4.0.12",
        "contentHash": "tAgJM1xt3ytyMoW4qn4wIqgJYm7L7TShRZG4+Q4Qsi2PCcj96pXN7nRywS9KkB3p/xDUjc2HSwP9SROyPYDYKQ==",
        "dependencies": {
          "System.Collections": "4.0.11",
          "System.Diagnostics.Debug": "4.0.11",
          "System.Resources.ResourceManager": "4.0.1",
          "System.Runtime": "4.1.0",
          "System.Threading": "4.0.11"
        }
      },
      "System.Reflection": {
        "type": "Transitive",
        "resolved": "4.3.0",
        "contentHash": "KMiAFoW7MfJGa9nDFNcfu+FpEdiHpWgTcS2HdMpDvt9saK3y/G4GwprPyzqjFH9NTaGPQeWNHU+iDlDILj96aQ==",
        "dependencies": {
          "Microsoft.NETCore.Platforms": "1.1.0",
          "Microsoft.NETCore.Targets": "1.1.0",
          "System.IO": "4.3.0",
          "System.Reflection.Primitives": "4.3.0",
          "System.Runtime": "4.3.0"
        }
      },
      "System.Reflection.Emit": {
        "type": "Transitive",
        "resolved": "4.0.1",
        "contentHash": "P2wqAj72fFjpP6wb9nSfDqNBMab+2ovzSDzUZK7MVIm54tBJEPr9jWfSjjoTpPwj1LeKcmX3vr0ttyjSSFM47g==",
        "dependencies": {
          "System.IO": "4.1.0",
          "System.Reflection": "4.1.0",
          "System.Reflection.Emit.ILGeneration": "4.0.1",
          "System.Reflection.Primitives": "4.0.1",
          "System.Runtime": "4.1.0"
        }
      },
      "System.Reflection.Emit.ILGeneration": {
        "type": "Transitive",
        "resolved": "4.0.1",
        "contentHash": "Ov6dU8Bu15Bc7zuqttgHF12J5lwSWyTf1S+FJouUXVMSqImLZzYaQ+vRr1rQ0OZ0HqsrwWl4dsKHELckQkVpgA==",
        "dependencies": {
          "System.Reflection": "4.1.0",
          "System.Reflection.Primitives": "4.0.1",
          "System.Runtime": "4.1.0"
        }
      },
      "System.Reflection.Emit.Lightweight": {
        "type": "Transitive",
        "resolved": "4.0.1",
        "contentHash": "sSzHHXueZ5Uh0OLpUQprhr+ZYJrLPA2Cmr4gn0wj9+FftNKXx8RIMKvO9qnjk2ebPYUjZ+F2ulGdPOsvj+MEjA==",
        "dependencies": {
          "System.Reflection": "4.1.0",
          "System.Reflection.Emit.ILGeneration": "4.0.1",
          "System.Reflection.Primitives": "4.0.1",
          "System.Runtime": "4.1.0"
        }
      },
      "System.Reflection.Extensions": {
        "type": "Transitive",
        "resolved": "4.0.1",
        "contentHash": "GYrtRsZcMuHF3sbmRHfMYpvxZoIN2bQGrYGerUiWLEkqdEUQZhH3TRSaC/oI4wO0II1RKBPlpIa1TOMxIcOOzQ==",
        "dependencies": {
          "Microsoft.NETCore.Platforms": "1.0.1",
          "Microsoft.NETCore.Targets": "1.0.1",
          "System.Reflection": "4.1.0",
          "System.Runtime": "4.1.0"
        }
      },
      "System.Reflection.Metadata": {
        "type": "Transitive",
        "resolved": "7.0.0",
        "contentHash": "MclTG61lsD9sYdpNz9xsKBzjsmsfCtcMZYXz/IUr2zlhaTaABonlr1ESeompTgM+Xk+IwtGYU7/voh3YWB/fWw==",
        "dependencies": {
          "System.Collections.Immutable": "7.0.0"
        }
      },
      "System.Reflection.Primitives": {
        "type": "Transitive",
        "resolved": "4.3.0",
        "contentHash": "5RXItQz5As4xN2/YUDxdpsEkMhvw3e6aNveFXUn4Hl/udNTCNhnKp8lT9fnc3MhvGKh1baak5CovpuQUXHAlIA==",
        "dependencies": {
          "Microsoft.NETCore.Platforms": "1.1.0",
          "Microsoft.NETCore.Targets": "1.1.0",
          "System.Runtime": "4.3.0"
        }
      },
      "System.Reflection.TypeExtensions": {
        "type": "Transitive",
        "resolved": "4.1.0",
        "contentHash": "tsQ/ptQ3H5FYfON8lL4MxRk/8kFyE0A+tGPXmVP967cT/gzLHYxIejIYSxp4JmIeFHVP78g/F2FE1mUUTbDtrg==",
        "dependencies": {
          "System.Reflection": "4.1.0",
          "System.Runtime": "4.1.0"
        }
      },
      "System.Resources.ResourceManager": {
        "type": "Transitive",
        "resolved": "4.3.0",
        "contentHash": "/zrcPkkWdZmI4F92gL/TPumP98AVDu/Wxr3CSJGQQ+XN6wbRZcyfSKVoPo17ilb3iOr0cCRqJInGwNMolqhS8A==",
        "dependencies": {
          "Microsoft.NETCore.Platforms": "1.1.0",
          "Microsoft.NETCore.Targets": "1.1.0",
          "System.Globalization": "4.3.0",
          "System.Reflection": "4.3.0",
          "System.Runtime": "4.3.0"
        }
      },
      "System.Runtime": {
        "type": "Transitive",
        "resolved": "4.3.0",
        "contentHash": "JufQi0vPQ0xGnAczR13AUFglDyVYt4Kqnz1AZaiKZ5+GICq0/1MH/mO/eAJHt/mHW1zjKBJd7kV26SrxddAhiw==",
        "dependencies": {
          "Microsoft.NETCore.Platforms": "1.1.0",
          "Microsoft.NETCore.Targets": "1.1.0"
        }
      },
      "System.Runtime.Caching": {
        "type": "Transitive",
        "resolved": "5.0.0",
        "contentHash": "30D6MkO8WF9jVGWZIP0hmCN8l9BTY4LCsAzLIe4xFSXzs+AjDotR7DpSmj27pFskDURzUvqYYY0ikModgBTxWw==",
        "dependencies": {
          "System.Configuration.ConfigurationManager": "5.0.0"
        }
      },
      "System.Runtime.CompilerServices.Unsafe": {
        "type": "Transitive",
        "resolved": "6.0.0",
        "contentHash": "/iUeP3tq1S0XdNNoMz5C9twLSrM/TH+qElHkXWaPvuNOt+99G75NrV0OS2EqHx5wMN7popYjpc8oTjC1y16DLg=="
      },
      "System.Runtime.Extensions": {
        "type": "Transitive",
        "resolved": "4.1.0",
        "contentHash": "CUOHjTT/vgP0qGW22U4/hDlOqXmcPq5YicBaXdUR2UiUoLwBT+olO6we4DVbq57jeX5uXH2uerVZhf0qGj+sVQ==",
        "dependencies": {
          "Microsoft.NETCore.Platforms": "1.0.1",
          "Microsoft.NETCore.Targets": "1.0.1",
          "System.Runtime": "4.1.0"
        }
      },
      "System.Security.AccessControl": {
        "type": "Transitive",
        "resolved": "5.0.0",
        "contentHash": "dagJ1mHZO3Ani8GH0PHpPEe/oYO+rVdbQjvjJkBRNQkX4t0r1iaeGn8+/ybkSLEan3/slM0t59SVdHzuHf2jmw==",
        "dependencies": {
          "Microsoft.NETCore.Platforms": "5.0.0",
          "System.Security.Principal.Windows": "5.0.0"
        }
      },
      "System.Security.Cryptography.Cng": {
        "type": "Transitive",
        "resolved": "5.0.0",
        "contentHash": "jIMXsKn94T9JY7PvPq/tMfqa6GAaHpElRDpmG+SuL+D3+sTw2M8VhnibKnN8Tq+4JqbPJ/f+BwtLeDMEnzAvRg==",
        "dependencies": {
          "System.Formats.Asn1": "5.0.0"
        }
      },
      "System.Security.Cryptography.ProtectedData": {
        "type": "Transitive",
        "resolved": "5.0.0",
        "contentHash": "HGxMSAFAPLNoxBvSfW08vHde0F9uh7BjASwu6JF9JnXuEPhCY3YUqURn0+bQV/4UWeaqymmrHWV+Aw9riQCtCA=="
      },
      "System.Security.Permissions": {
        "type": "Transitive",
        "resolved": "5.0.0",
        "contentHash": "uE8juAhEkp7KDBCdjDIE3H9R1HJuEHqeqX8nLX9gmYKWwsqk3T5qZlPx8qle5DPKimC/Fy3AFTdV7HamgCh9qQ==",
        "dependencies": {
          "System.Security.AccessControl": "5.0.0",
          "System.Windows.Extensions": "5.0.0"
        }
      },
      "System.Security.Principal.Windows": {
        "type": "Transitive",
        "resolved": "5.0.0",
        "contentHash": "t0MGLukB5WAVU9bO3MGzvlGnyJPgUlcwerXn1kzBRjwLKixT96XV0Uza41W49gVd8zEMFu9vQEFlv0IOrytICA=="
      },
      "System.Text.Encoding": {
        "type": "Transitive",
        "resolved": "4.3.0",
        "contentHash": "BiIg+KWaSDOITze6jGQynxg64naAPtqGHBwDrLaCtixsa5bKiR8dpPOHA7ge3C0JJQizJE+sfkz1wV+BAKAYZw==",
        "dependencies": {
          "Microsoft.NETCore.Platforms": "1.1.0",
          "Microsoft.NETCore.Targets": "1.1.0",
          "System.Runtime": "4.3.0"
        }
      },
      "System.Text.Encoding.CodePages": {
        "type": "Transitive",
        "resolved": "5.0.0",
        "contentHash": "NyscU59xX6Uo91qvhOs2Ccho3AR2TnZPomo1Z0K6YpyztBPM/A5VbkzOO19sy3A3i1TtEnTxA7bCe3Us+r5MWg==",
        "dependencies": {
          "Microsoft.NETCore.Platforms": "5.0.0"
        }
      },
      "System.Text.Encodings.Web": {
        "type": "Transitive",
        "resolved": "7.0.0",
        "contentHash": "OP6umVGxc0Z0MvZQBVigj4/U31Pw72ITihDWP9WiWDm+q5aoe0GaJivsfYGq53o6dxH7DcXWiCTl7+0o2CGdmg=="
      },
      "System.Text.Json": {
        "type": "Transitive",
        "resolved": "7.0.4",
        "contentHash": "30Qbrv661XW3zWfSgwgk54KPEBbM9eXYs3fRDjWfAxPp3oogHTUvsVFiUK20lyUDmJskho9SEZvUfsmcU8x16g==",
        "dependencies": {
          "System.Text.Encodings.Web": "7.0.0"
        }
      },
      "System.Threading": {
        "type": "Transitive",
        "resolved": "4.0.11",
        "contentHash": "N+3xqIcg3VDKyjwwCGaZ9HawG9aC6cSDI+s7ROma310GQo8vilFZa86hqKppwTHleR/G0sfOzhvgnUxWCR/DrQ==",
        "dependencies": {
          "System.Runtime": "4.1.0",
          "System.Threading.Tasks": "4.0.11"
        }
      },
      "System.Threading.Channels": {
        "type": "Transitive",
        "resolved": "7.0.0",
        "contentHash": "qmeeYNROMsONF6ndEZcIQ+VxR4Q/TX/7uIVLJqtwIWL7dDWeh0l1UIqgo4wYyjG//5lUNhwkLDSFl+pAWO6oiA=="
      },
      "System.Threading.Tasks": {
        "type": "Transitive",
        "resolved": "4.3.0",
        "contentHash": "LbSxKEdOUhVe8BezB/9uOGGppt+nZf6e1VFyw6v3DN6lqitm0OSn2uXMOdtP0M3W4iMcqcivm2J6UgqiwwnXiA==",
        "dependencies": {
          "Microsoft.NETCore.Platforms": "1.1.0",
          "Microsoft.NETCore.Targets": "1.1.0",
          "System.Runtime": "4.3.0"
        }
      },
      "System.Threading.Tasks.Dataflow": {
        "type": "Transitive",
        "resolved": "7.0.0",
        "contentHash": "BmSJ4b0e2nlplV/RdWVxvH7WECTHACofv06dx/JwOYc0n56eK1jIWdQKNYYsReSO4w8n1QA5stOzSQcfaVBkJg=="
      },
      "System.Threading.Tasks.Extensions": {
        "type": "Transitive",
        "resolved": "4.5.4",
        "contentHash": "zteT+G8xuGu6mS+mzDzYXbzS7rd3K6Fjb9RiZlYlJPam2/hU7JCBZBVEcywNuR+oZ1ncTvc/cq0faRr3P01OVg=="
      },
      "System.Windows.Extensions": {
        "type": "Transitive",
        "resolved": "5.0.0",
        "contentHash": "c1ho9WU9ZxMZawML+ssPKZfdnrg/OjR3pe0m9v8230z3acqphwvPJqzAkH54xRYm5ntZHGG1EPP3sux9H3qSPg==",
        "dependencies": {
          "System.Drawing.Common": "5.0.0"
        }
      },
      "Testcontainers": {
        "type": "Transitive",
        "resolved": "3.7.0",
        "contentHash": "Nn9/mVOiYEC1mdE0Kr2xQfVAV9mssLedalC6OnC59kHOudx2IhVgenHc983LIdMIhsYF9ywVnyW7HrJE7qVuJg==",
        "dependencies": {
          "BouncyCastle.Cryptography": "2.2.1",
          "Docker.DotNet": "3.125.15",
          "Docker.DotNet.X509": "3.125.15",
          "Microsoft.Bcl.AsyncInterfaces": "6.0.0",
          "Microsoft.Extensions.Logging.Abstractions": "6.0.4",
          "SSH.NET": "2023.0.0",
          "SharpZipLib": "1.4.2",
          "System.Text.Json": "6.0.9"
        }
      },
      "Testcontainers.PostgreSql": {
        "type": "Transitive",
        "resolved": "3.7.0",
        "contentHash": "cNQsV+igxcC9W3tSH9t7FRIHGzfrSk0i1JSAoNIEECIK/fbh2TeBewAfSlOt+JY3sJUgL6G+LQkAOkJRGTIKAA==",
        "dependencies": {
          "Testcontainers": "3.7.0"
        }
      },
      "Weasel.Core": {
        "type": "Transitive",
        "resolved": "6.4.1",
        "contentHash": "7BRpu1MOgI9vQSq46zjzPhqeDtiRjF7LR3Rz2frphkACVb6LQuZRisETI4v8SS6v8Oh8kb626lBKfDe28FKqug==",
        "dependencies": {
          "JasperFx.Core": "1.5.1"
        }
      },
      "Weasel.Postgresql": {
        "type": "Transitive",
        "resolved": "6.4.1",
        "contentHash": "hKz9wrmcrUIqG4+4ggtn9snXJpRQoKr8ogOIJk6/vEUYoQBOS17TLbzirmxCCv4J0w/F1MVzuFmMi4TAJCq5fQ==",
        "dependencies": {
          "Npgsql": "7.0.6",
          "Weasel.Core": "6.4.1"
        }
      },
      "xunit.abstractions": {
        "type": "Transitive",
        "resolved": "2.0.3",
        "contentHash": "pot1I4YOxlWjIb5jmwvvQNbTrZ3lJQ+jUGkGjWE3hEFM0l5gOnBWS+H3qsex68s5cO52g+44vpGzhAt+42vwKg=="
      },
      "xunit.analyzers": {
        "type": "Transitive",
        "resolved": "1.10.0",
        "contentHash": "Lw8CiDy5NaAWcO6keqD7iZHYUTIuCOcoFrUHw5Sv84ITZ9gFeDybdkVdH0Y2maSlP9fUjtENyiykT44zwFQIHA=="
      },
      "xunit.assert": {
        "type": "Transitive",
        "resolved": "2.6.6",
        "contentHash": "74Cm9lAZOk5TKCz2MvCBCByKsS23yryOKDIMxH3XRDHXmfGM02jKZWzRA7g4mGB41GnBnv/pcWP3vUYkrCtEcg=="
      },
      "xunit.core": {
        "type": "Transitive",
        "resolved": "2.6.6",
        "contentHash": "tqi7RfaNBqM7t8zx6QHryuBPzmotsZXKGaWnopQG2Ez5UV7JoWuyoNdT6gLpDIcKdGYey6YTXJdSr9IXDMKwjg==",
        "dependencies": {
          "xunit.extensibility.core": "[2.6.6]",
          "xunit.extensibility.execution": "[2.6.6]"
        }
      },
      "xunit.extensibility.core": {
        "type": "Transitive",
        "resolved": "2.6.6",
        "contentHash": "ty6VKByzbx4Toj4/VGJLEnlmOawqZiMv0in/tLju+ftA+lbWuAWDERM+E52Jfhj4ZYHrAYVa14KHK5T+dq0XxA==",
        "dependencies": {
          "xunit.abstractions": "2.0.3"
        }
      },
      "xunit.extensibility.execution": {
        "type": "Transitive",
        "resolved": "2.6.6",
        "contentHash": "UDjIVGj2TepVKN3n32/qXIdb3U6STwTb9L6YEwoQO2A8OxiJS5QAVv2l1aT6tDwwv/9WBmm8Khh/LyHALipcng==",
        "dependencies": {
          "xunit.extensibility.core": "[2.6.6]"
        }
      },
      "Raiqub.Common.Tests": {
        "type": "Project",
        "dependencies": {
          "FluentAssertions": "[6.12.0, )",
          "Microsoft.Extensions.DependencyInjection": "[6.0.1, )",
          "Npgsql": "[7.0.6, )",
          "Raiqub.Expressions": "[1.0.0, )",
          "Raiqub.Expressions.Writing": "[1.0.0, )",
          "Respawn": "[6.2.1, )",
          "Testcontainers.PostgreSql": "[3.7.0, )",
          "xunit.core": "[2.6.6, )"
        }
      },
      "Raiqub.Expressions": {
        "type": "Project"
      },
      "Raiqub.Expressions.Marten": {
        "type": "Project",
        "dependencies": {
          "Marten": "[6.4.1, )",
          "Raiqub.Expressions.Writing": "[1.0.0, )"
        }
      },
      "Raiqub.Expressions.Reading": {
        "type": "Project",
        "dependencies": {
          "Raiqub.Expressions": "[1.0.0, )"
        }
      },
      "Raiqub.Expressions.Writing": {
        "type": "Project",
        "dependencies": {
          "Raiqub.Expressions.Reading": "[1.0.0, )"
        }
      }
    }
  }
}