{
  "version": 2,
  "dependencies": {
    "net6.0": {
      "Npgsql.EntityFrameworkCore.PostgreSQL": {
        "type": "Direct",
        "requested": "[6.0.29, )",
        "resolved": "6.0.29",
        "contentHash": "GCUgp/4ZltsysSRJUpvpQoFCRJ6OciL5/xZePOpZ8bekthAbLGW3emYaKf2V+1mNXUm9LhCZI7T0ib3I8yNV3A==",
        "dependencies": {
          "Microsoft.EntityFrameworkCore": "6.0.29",
          "Microsoft.EntityFrameworkCore.Abstractions": "6.0.29",
          "Microsoft.EntityFrameworkCore.Relational": "6.0.29",
          "Npgsql": "6.0.11"
        }
      },
      "RT.Comb": {
        "type": "Direct",
        "requested": "[4.0.3, )",
        "resolved": "4.0.3",
        "contentHash": "q+orPpRD4V0lfVGi4ctVtAiIVwcPhHbUhLOb7EASS5oBw6EE2iyvbYXW2p8x99MiCkKxYNrvxf2f0oiEWSBYqw==",
        "dependencies": {
          "System.Memory": "4.6.0"
        }
      },
      "Swashbuckle.AspNetCore": {
        "type": "Direct",
        "requested": "[7.3.2, )",
        "resolved": "7.3.2",
        "contentHash": "WEkW7Cl8bexT75eURuqrqM/TQx+ftWKOWlCHzmw3Fl3oAmxiBO/lDVOuuqZsaBCHQIBcZxA6BbyiG5dv2mD2tw==",
        "dependencies": {
          "Microsoft.Extensions.ApiDescription.Server": "6.0.5",
          "Swashbuckle.AspNetCore.Swagger": "7.3.2",
          "Swashbuckle.AspNetCore.SwaggerGen": "7.3.2",
          "Swashbuckle.AspNetCore.SwaggerUI": "7.3.2"
        }
      },
      "System.Linq.Async": {
        "type": "Direct",
        "requested": "[6.0.1, )",
        "resolved": "6.0.1",
        "contentHash": "0YhHcaroWpQ9UCot3Pizah7ryAzQhNvobLMSxeDIGmnXfkQn8u5owvpOH0K6EVB+z9L7u6Cc4W17Br/+jyttEQ==",
        "dependencies": {
          "Microsoft.Bcl.AsyncInterfaces": "6.0.0"
        }
      },
      "Microsoft.Bcl.AsyncInterfaces": {
        "type": "Transitive",
        "resolved": "6.0.0",
        "contentHash": "UcSjPsst+DfAdJGVDsu346FX0ci0ah+lw3WRtn18NUwEqRt70HaOQ7lI72vy3+1LxtqI3T5GWwV39rQSrCzAeg=="
      },
      "Microsoft.EntityFrameworkCore": {
        "type": "Transitive",
        "resolved": "6.0.36",
        "contentHash": "0i1BBvJBrqdmIdTqCmL+/J74HucYqc5eck3J5trKe6AN2fvdE1lICto6HBwNhbtPniZO7bhW36FnIjTK0FamXg==",
        "dependencies": {
          "Microsoft.EntityFrameworkCore.Abstractions": "6.0.36",
          "Microsoft.EntityFrameworkCore.Analyzers": "6.0.36",
          "Microsoft.Extensions.Caching.Memory": "6.0.3",
          "Microsoft.Extensions.DependencyInjection": "6.0.2",
          "Microsoft.Extensions.Logging": "6.0.1",
          "System.Collections.Immutable": "6.0.1",
          "System.Diagnostics.DiagnosticSource": "6.0.2"
        }
      },
      "Microsoft.EntityFrameworkCore.Abstractions": {
        "type": "Transitive",
        "resolved": "6.0.36",
        "contentHash": "nrR4lfe9izQK1eerKW/ECHuJV8xXtuvoj/APrwwOjX4+Ne2SMXBpetctPcYNVc3KyiKuUHJSLywWtsqoXE5ElA=="
      },
      "Microsoft.EntityFrameworkCore.Analyzers": {
        "type": "Transitive",
        "resolved": "6.0.36",
        "contentHash": "Se0wloBaAJcLwgSW4hvGdAWjKnuIwgQ2PKTNkvG80PW/WFgedwKomY9wuO5BPewIHlX6huGyP//StQQRQOWr+Q=="
      },
      "Microsoft.EntityFrameworkCore.Relational": {
        "type": "Transitive",
        "resolved": "6.0.36",
        "contentHash": "Vq9UQEFNU1t42AOSgz6bUe0fpMa1g4wO8Y7EfhYPX6VSriRSRB4ImTC2TEZjOUeyGcZyUI2Kyd6//RfUPUR+Pw==",
        "dependencies": {
          "Microsoft.EntityFrameworkCore": "6.0.36",
          "Microsoft.Extensions.Configuration.Abstractions": "6.0.1"
        }
      },
      "Microsoft.Extensions.ApiDescription.Server": {
        "type": "Transitive",
        "resolved": "6.0.5",
        "contentHash": "Ckb5EDBUNJdFWyajfXzUIMRkhf52fHZOQuuZg/oiu8y7zDCVwD0iHhew6MnThjHmevanpxL3f5ci2TtHQEN6bw=="
      },
      "Microsoft.Extensions.Caching.Abstractions": {
        "type": "Transitive",
        "resolved": "6.0.1",
        "contentHash": "zEtKmOJ3sZ9YxRgvgLtoQsqO069Kqp0aC6Ai+DkyE5uahtu1ynvuoDVFQgyyhVcJWnxCzZHax/3AodvAx2mhjA==",
        "dependencies": {
          "Microsoft.Extensions.Primitives": "6.0.1"
        }
      },
      "Microsoft.Extensions.Caching.Memory": {
        "type": "Transitive",
        "resolved": "6.0.3",
        "contentHash": "GVNNcHoPDEUn4OQiBBGs5mE6nX7BA+LeQId9NeA+gB8xcbDUmFPAl8Er2ixNLbn4ffFr8t5jfMwdxgFG66k7BA==",
        "dependencies": {
          "Microsoft.Extensions.Caching.Abstractions": "6.0.1",
          "Microsoft.Extensions.DependencyInjection.Abstractions": "6.0.0",
          "Microsoft.Extensions.Logging.Abstractions": "6.0.4",
          "Microsoft.Extensions.Options": "6.0.1",
          "Microsoft.Extensions.Primitives": "6.0.1"
        }
      },
      "Microsoft.Extensions.Configuration.Abstractions": {
        "type": "Transitive",
        "resolved": "6.0.1",
        "contentHash": "+FhuIM7bE3CyzhhIju6K1pmcDAp4ez2PKwx8jnV4dEI/LXXBGdQbDijlaQWqMa1oC38DX390bSshQVaKXioiXA==",
        "dependencies": {
          "Microsoft.Extensions.Primitives": "6.0.1"
        }
      },
      "Microsoft.Extensions.DependencyInjection": {
        "type": "Transitive",
        "resolved": "6.0.2",
        "contentHash": "gWUfUZ2ZDvwiVCxsOMComAhG43xstNWWVjV2takUZYRuDSJjO9Q5/b3tfOSkl5mcVwZAL3RZviRj5ZilxHghlw==",
        "dependencies": {
          "Microsoft.Extensions.DependencyInjection.Abstractions": "6.0.0"
        }
      },
      "Microsoft.Extensions.DependencyInjection.Abstractions": {
        "type": "Transitive",
        "resolved": "6.0.0",
        "contentHash": "xlzi2IYREJH3/m6+lUrQlujzX8wDitm4QGnUu6kUXTQAWPuZY8i+ticFJbzfqaetLA6KR/rO6Ew/HuYD+bxifg=="
      },
      "Microsoft.Extensions.Logging": {
        "type": "Transitive",
        "resolved": "6.0.1",
        "contentHash": "k6tbYaHrqY9kq7p5FfpPbddY1OImPCpXQ/PGcED6N9s5ULRp8n1PdmMzsIwIzCnhIS5bs06G/lO9LfNVpUj8jg==",
        "dependencies": {
          "Microsoft.Extensions.DependencyInjection": "6.0.2",
          "Microsoft.Extensions.DependencyInjection.Abstractions": "6.0.0",
          "Microsoft.Extensions.Logging.Abstractions": "6.0.4",
          "Microsoft.Extensions.Options": "6.0.1",
          "System.Diagnostics.DiagnosticSource": "6.0.2"
        }
      },
      "Microsoft.Extensions.Logging.Abstractions": {
        "type": "Transitive",
        "resolved": "6.0.4",
        "contentHash": "K14wYgwOfKVELrUh5eBqlC8Wvo9vvhS3ZhIvcswV2uS/ubkTRPSQsN557EZiYUSSoZNxizG+alN4wjtdyLdcyw=="
      },
      "Microsoft.Extensions.Options": {
        "type": "Transitive",
        "resolved": "6.0.1",
        "contentHash": "v5rh5jRcLBOKOaLVyYCm4TY/RoJlxWsW7N2TAPkmlHe55/0cB0Syp979x4He1+MIXsaTvJl1WOc7b1D1PSsO3A==",
        "dependencies": {
          "Microsoft.Extensions.DependencyInjection.Abstractions": "6.0.0",
          "Microsoft.Extensions.Primitives": "6.0.1"
        }
      },
      "Microsoft.Extensions.Primitives": {
        "type": "Transitive",
        "resolved": "6.0.1",
        "contentHash": "zyJfttJduuQbGEsd/TgerUEdgzHgUn/6oFgeaE04DKUMs7bbzckV7Ci1QZxf/VyQAlG41gR/GjecEScuYoHCUg=="
      },
      "Microsoft.OpenApi": {
        "type": "Transitive",
        "resolved": "1.6.22",
        "contentHash": "aBvunmrdu/x+4CaA/UP1Jx4xWGwk4kymhoIRnn2Vp+zi5/KOPQJ9EkSXHRUr01WcGKtYl3Au7XfkPJbU1G2sjQ=="
      },
      "Npgsql": {
        "type": "Transitive",
        "resolved": "6.0.11",
        "contentHash": "ZPpjFpW0m71pqAMIpUdVZUY74TCTqCXrytbFsMvm8IuAadpfV9K1lwphuyDBKCsc3w1i7TH+aevHQ6TZ+b0ZMw==",
        "dependencies": {
          "System.Runtime.CompilerServices.Unsafe": "6.0.0"
        }
      },
      "Swashbuckle.AspNetCore.Swagger": {
        "type": "Transitive",
        "resolved": "7.3.2",
        "contentHash": "39Z2N3cLHDcDinu2IW5IaQO9wGPKTbc+vKbjIT/6gN3jFYypWY5U3O8i7Y9rmYDgxkm6niICnkcFZ3hEvikIHA==",
        "dependencies": {
          "Microsoft.OpenApi": "1.6.22"
        }
      },
      "Swashbuckle.AspNetCore.SwaggerGen": {
        "type": "Transitive",
        "resolved": "7.3.2",
        "contentHash": "x5famjpcgazpT/8eEIlpSYSTZDq6ojMARhuJgj6O67Uk+Yb1DdDM5yikdL7GK1pMk5rYBETUCRWYP6rp+vHnlA==",
        "dependencies": {
          "Swashbuckle.AspNetCore.Swagger": "7.3.2"
        }
      },
      "Swashbuckle.AspNetCore.SwaggerUI": {
        "type": "Transitive",
        "resolved": "7.3.2",
        "contentHash": "SNQuFjYin9KhkoCSVOD5/Y4VEyAjKBDeZkIqqY6x+oI21HMKzzVkeJA9V7tWFXf5df4m/+pTIlbKO7g5W9UroQ=="
      },
      "System.Collections.Immutable": {
        "type": "Transitive",
        "resolved": "6.0.1",
        "contentHash": "Cc+SfP+jyCmA1TnRnDA7cRZy5jbLyWodfuUJKDJ+PJZBwWkv8szz+ztSCHAonqnL01DRaHaS2ptc4bYIEdgvWw=="
      },
      "System.Diagnostics.DiagnosticSource": {
        "type": "Transitive",
        "resolved": "6.0.2",
        "contentHash": "6tQaIexFycaotdGn23lf3XJ/eI1GOjQKIvQDRFN9N4pwoNsKnHuXccQ3lnQO6GX8KAb1ic+6ZofJmPdbUVwZag=="
      },
      "System.Memory": {
        "type": "Transitive",
        "resolved": "4.6.0",
        "contentHash": "OEkbBQoklHngJ8UD8ez2AERSk2g+/qpAaSWWCBFbpH727HxDq5ydVkuncBaKcKfwRqXGWx64dS6G1SUScMsitg=="
      },
      "System.Runtime.CompilerServices.Unsafe": {
        "type": "Transitive",
        "resolved": "6.0.0",
        "contentHash": "/iUeP3tq1S0XdNNoMz5C9twLSrM/TH+qElHkXWaPvuNOt+99G75NrV0OS2EqHx5wMN7popYjpc8oTjC1y16DLg=="
      },
      "Raiqub.Expressions": {
        "type": "Project"
      },
      "Raiqub.Expressions.Database": {
        "type": "Project",
        "dependencies": {
          "Microsoft.Extensions.Logging.Abstractions": "[6.0.4, )"
        }
      },
      "Raiqub.Expressions.EntityFrameworkCore": {
        "type": "Project",
        "dependencies": {
          "Microsoft.EntityFrameworkCore.Relational": "[6.0.36, )",
          "Raiqub.Expressions.Database": "[1.0.0, )",
          "Raiqub.Expressions.Writing": "[1.0.0, )"
        }
      },
      "Raiqub.Expressions.Reading": {
        "type": "Project",
        "dependencies": {
          "Raiqub.Expressions": "[1.0.0, )"
        }
      },
      "Raiqub.Expressions.Writing": {
        "type": "Project",
        "dependencies": {
          "Raiqub.Expressions.Reading": "[1.0.0, )"
        }
      }
    }
  }
}