{
  "version": 2,
  "dependencies": {
    "net6.0": {
      "Npgsql.EntityFrameworkCore.PostgreSQL": {
        "type": "Direct",
        "requested": "[6.0.29, )",
        "resolved": "6.0.29",
        "contentHash": "GCUgp/4ZltsysSRJUpvpQoFCRJ6OciL5/xZePOpZ8bekthAbLGW3emYaKf2V+1mNXUm9LhCZI7T0ib3I8yNV3A==",
        "dependencies": {
          "Microsoft.EntityFrameworkCore": "6.0.29",
          "Microsoft.EntityFrameworkCore.Abstractions": "6.0.29",
          "Microsoft.EntityFrameworkCore.Relational": "6.0.29",
          "Npgsql": "6.0.11"
        }
      },
      "RT.Comb": {
        "type": "Direct",
        "requested": "[4.0.1, )",
        "resolved": "4.0.1",
        "contentHash": "ZT8ktsll4uD1eLFinCBtciZ92sgxuy1P/JRZYhbXSKDu06WhZfzEsHjf3PNEtGz1Lahx/UiimE9znQ018IDMQA==",
        "dependencies": {
          "System.Memory": "4.5.5"
        }
      },
      "Swashbuckle.AspNetCore": {
        "type": "Direct",
        "requested": "[6.7.2, )",
        "resolved": "6.7.2",
        "contentHash": "464D/dwPzHUE8gbj2DVOTY8SkITwu/S0KBfJFMWIfYVVJa7d/fFCm6yMK5KFzhaDqznClXFROwnP+R5Zyptz2g==",
        "dependencies": {
          "Microsoft.Extensions.ApiDescription.Server": "6.0.5",
          "Swashbuckle.AspNetCore.Swagger": "6.7.2",
          "Swashbuckle.AspNetCore.SwaggerGen": "6.7.2",
          "Swashbuckle.AspNetCore.SwaggerUI": "6.7.2"
        }
      },
      "System.Linq.Async": {
        "type": "Direct",
        "requested": "[6.0.1, )",
        "resolved": "6.0.1",
        "contentHash": "0YhHcaroWpQ9UCot3Pizah7ryAzQhNvobLMSxeDIGmnXfkQn8u5owvpOH0K6EVB+z9L7u6Cc4W17Br/+jyttEQ==",
        "dependencies": {
          "Microsoft.Bcl.AsyncInterfaces": "6.0.0"
        }
      },
      "Microsoft.Bcl.AsyncInterfaces": {
        "type": "Transitive",
        "resolved": "6.0.0",
        "contentHash": "UcSjPsst+DfAdJGVDsu346FX0ci0ah+lw3WRtn18NUwEqRt70HaOQ7lI72vy3+1LxtqI3T5GWwV39rQSrCzAeg=="
      },
      "Microsoft.EntityFrameworkCore": {
        "type": "Transitive",
        "resolved": "6.0.33",
        "contentHash": "pPfX/pnnr+decWaBkGA43PwNTYMf4vhdk7fTLroHQF8d1LDjtj+C7sar2ogchKLzpIx5GjhptabJYjSxz/BGmA==",
        "dependencies": {
          "Microsoft.EntityFrameworkCore.Abstractions": "6.0.33",
          "Microsoft.EntityFrameworkCore.Analyzers": "6.0.33",
          "Microsoft.Extensions.Caching.Memory": "6.0.1",
          "Microsoft.Extensions.DependencyInjection": "6.0.1",
          "Microsoft.Extensions.Logging": "6.0.0",
          "System.Collections.Immutable": "6.0.0",
          "System.Diagnostics.DiagnosticSource": "6.0.1"
        }
      },
      "Microsoft.EntityFrameworkCore.Abstractions": {
        "type": "Transitive",
        "resolved": "6.0.33",
        "contentHash": "8oufYRCOtzo/sLFUQ5nzh/R9Qn026fyjc6vgdMMGMW3AHdWj0djbQeVZf0np8eGjihRDtfFG2F8ckTphkOBAzQ=="
      },
      "Microsoft.EntityFrameworkCore.Analyzers": {
        "type": "Transitive",
        "resolved": "6.0.33",
        "contentHash": "MXIRItpxrFCccOBB0thHjRxKuA06w88qE8qa7A/eo6cWx6BOfScEe35+enH9T5eYUwCfW0CcneyP3v7TRKedTQ=="
      },
      "Microsoft.EntityFrameworkCore.Relational": {
        "type": "Transitive",
        "resolved": "6.0.33",
        "contentHash": "PlnRpPNbY/jGs5RYfqTce5CBafF/hDPXnea2hE80huJdv1+JThVRWXOc6WCaJ+Jmd2420QeJs0ouI9mEr19kUA==",
        "dependencies": {
          "Microsoft.EntityFrameworkCore": "6.0.33",
          "Microsoft.Extensions.Configuration.Abstractions": "6.0.0"
        }
      },
      "Microsoft.Extensions.ApiDescription.Server": {
        "type": "Transitive",
        "resolved": "6.0.5",
        "contentHash": "Ckb5EDBUNJdFWyajfXzUIMRkhf52fHZOQuuZg/oiu8y7zDCVwD0iHhew6MnThjHmevanpxL3f5ci2TtHQEN6bw=="
      },
      "Microsoft.Extensions.Caching.Abstractions": {
        "type": "Transitive",
        "resolved": "6.0.0",
        "contentHash": "bcz5sSFJbganH0+YrfvIjJDIcKNW7TL07C4d1eTmXy/wOt52iz4LVogJb6pazs7W0+74j0YpXFErvp++Aq5Bsw==",
        "dependencies": {
          "Microsoft.Extensions.Primitives": "6.0.0"
        }
      },
      "Microsoft.Extensions.Caching.Memory": {
        "type": "Transitive",
        "resolved": "6.0.1",
        "contentHash": "B4y+Cev05eMcjf1na0v9gza6GUtahXbtY1JCypIgx3B4Ea/KAgsWyXEmW4q6zMbmTMtKzmPVk09rvFJirvMwTg==",
        "dependencies": {
          "Microsoft.Extensions.Caching.Abstractions": "6.0.0",
          "Microsoft.Extensions.DependencyInjection.Abstractions": "6.0.0",
          "Microsoft.Extensions.Logging.Abstractions": "6.0.0",
          "Microsoft.Extensions.Options": "6.0.0",
          "Microsoft.Extensions.Primitives": "6.0.0"
        }
      },
      "Microsoft.Extensions.Configuration.Abstractions": {
        "type": "Transitive",
        "resolved": "6.0.0",
        "contentHash": "qWzV9o+ZRWq+pGm+1dF+R7qTgTYoXvbyowRoBxQJGfqTpqDun2eteerjRQhq5PQ/14S+lqto3Ft4gYaRyl4rdQ==",
        "dependencies": {
          "Microsoft.Extensions.Primitives": "6.0.0"
        }
      },
      "Microsoft.Extensions.DependencyInjection": {
        "type": "Transitive",
        "resolved": "6.0.1",
        "contentHash": "vWXPg3HJQIpZkENn1KWq8SfbqVujVD7S7vIAyFXXqK5xkf1Vho+vG0bLBCHxU36lD1cLLtmGpfYf0B3MYFi9tQ==",
        "dependencies": {
          "Microsoft.Extensions.DependencyInjection.Abstractions": "6.0.0",
          "System.Runtime.CompilerServices.Unsafe": "6.0.0"
        }
      },
      "Microsoft.Extensions.DependencyInjection.Abstractions": {
        "type": "Transitive",
        "resolved": "6.0.0",
        "contentHash": "xlzi2IYREJH3/m6+lUrQlujzX8wDitm4QGnUu6kUXTQAWPuZY8i+ticFJbzfqaetLA6KR/rO6Ew/HuYD+bxifg=="
      },
      "Microsoft.Extensions.Logging": {
        "type": "Transitive",
        "resolved": "6.0.0",
        "contentHash": "eIbyj40QDg1NDz0HBW0S5f3wrLVnKWnDJ/JtZ+yJDFnDj90VoPuoPmFkeaXrtu+0cKm5GRAwoDf+dBWXK0TUdg==",
        "dependencies": {
          "Microsoft.Extensions.DependencyInjection": "6.0.0",
          "Microsoft.Extensions.DependencyInjection.Abstractions": "6.0.0",
          "Microsoft.Extensions.Logging.Abstractions": "6.0.0",
          "Microsoft.Extensions.Options": "6.0.0",
          "System.Diagnostics.DiagnosticSource": "6.0.0"
        }
      },
      "Microsoft.Extensions.Logging.Abstractions": {
        "type": "Transitive",
        "resolved": "6.0.4",
        "contentHash": "K14wYgwOfKVELrUh5eBqlC8Wvo9vvhS3ZhIvcswV2uS/ubkTRPSQsN557EZiYUSSoZNxizG+alN4wjtdyLdcyw=="
      },
      "Microsoft.Extensions.Options": {
        "type": "Transitive",
        "resolved": "6.0.0",
        "contentHash": "dzXN0+V1AyjOe2xcJ86Qbo233KHuLEY0njf/P2Kw8SfJU+d45HNS2ctJdnEnrWbM9Ye2eFgaC5Mj9otRMU6IsQ==",
        "dependencies": {
          "Microsoft.Extensions.DependencyInjection.Abstractions": "6.0.0",
          "Microsoft.Extensions.Primitives": "6.0.0"
        }
      },
      "Microsoft.Extensions.Primitives": {
        "type": "Transitive",
        "resolved": "6.0.0",
        "contentHash": "9+PnzmQFfEFNR9J2aDTfJGGupShHjOuGw4VUv+JB044biSHrnmCIMD+mJHmb2H7YryrfBEXDurxQ47gJZdCKNQ==",
        "dependencies": {
          "System.Runtime.CompilerServices.Unsafe": "6.0.0"
        }
      },
      "Microsoft.OpenApi": {
        "type": "Transitive",
        "resolved": "1.6.14",
        "contentHash": "tTaBT8qjk3xINfESyOPE2rIellPvB7qpVqiWiyA/lACVvz+xOGiXhFUfohcx82NLbi5avzLW0lx+s6oAqQijfw=="
      },
      "Npgsql": {
        "type": "Transitive",
        "resolved": "6.0.11",
        "contentHash": "ZPpjFpW0m71pqAMIpUdVZUY74TCTqCXrytbFsMvm8IuAadpfV9K1lwphuyDBKCsc3w1i7TH+aevHQ6TZ+b0ZMw==",
        "dependencies": {
          "System.Runtime.CompilerServices.Unsafe": "6.0.0"
        }
      },
      "Swashbuckle.AspNetCore.Swagger": {
        "type": "Transitive",
        "resolved": "6.7.2",
        "contentHash": "bFKfYjlHjnQFB1vbsIEhxPWlKx5dHuCAUXUxun1ZjqF5BNcV7fSunSpRKAx3fUGUZD76+KlPVhik3sTXqT9i8g==",
        "dependencies": {
          "Microsoft.OpenApi": "1.6.14"
        }
      },
      "Swashbuckle.AspNetCore.SwaggerGen": {
        "type": "Transitive",
        "resolved": "6.7.2",
        "contentHash": "QWsO8lGWwHq3Xx8X96R/pjNvwvpuo02Mcu/kZlxgo/6UimYZNUaItrk7lp3zXFP864+/iMIT3EKPKdEWuW5zJw==",
        "dependencies": {
          "Swashbuckle.AspNetCore.Swagger": "6.7.2"
        }
      },
      "Swashbuckle.AspNetCore.SwaggerUI": {
        "type": "Transitive",
        "resolved": "6.7.2",
        "contentHash": "9zw5wMh75u2LX+FyvoX4vXPHi8sWUmzD2coY35OnFkTpA156aZpeaLf8u3URukjBWJKpBK+eENnWzTCc4z6lSA=="
      },
      "System.Collections.Immutable": {
        "type": "Transitive",
        "resolved": "6.0.0",
        "contentHash": "l4zZJ1WU2hqpQQHXz1rvC3etVZN+2DLmQMO79FhOTZHMn8tDRr+WU287sbomD0BETlmKDn0ygUgVy9k5xkkJdA==",
        "dependencies": {
          "System.Runtime.CompilerServices.Unsafe": "6.0.0"
        }
      },
      "System.Diagnostics.DiagnosticSource": {
        "type": "Transitive",
        "resolved": "6.0.1",
        "contentHash": "KiLYDu2k2J82Q9BJpWiuQqCkFjRBWVq4jDzKKWawVi9KWzyD0XG3cmfX0vqTQlL14Wi9EufJrbL0+KCLTbqWiQ==",
        "dependencies": {
          "System.Runtime.CompilerServices.Unsafe": "6.0.0"
        }
      },
      "System.Memory": {
        "type": "Transitive",
        "resolved": "4.5.5",
        "contentHash": "XIWiDvKPXaTveaB7HVganDlOCRoj03l+jrwNvcge/t8vhGYKvqV+dMv6G4SAX2NoNmN0wZfVPTAlFwZcZvVOUw=="
      },
      "System.Runtime.CompilerServices.Unsafe": {
        "type": "Transitive",
        "resolved": "6.0.0",
        "contentHash": "/iUeP3tq1S0XdNNoMz5C9twLSrM/TH+qElHkXWaPvuNOt+99G75NrV0OS2EqHx5wMN7popYjpc8oTjC1y16DLg=="
      },
      "Raiqub.Expressions": {
        "type": "Project"
      },
      "Raiqub.Expressions.Database": {
        "type": "Project",
        "dependencies": {
          "Microsoft.Extensions.Logging.Abstractions": "[6.0.4, )"
        }
      },
      "Raiqub.Expressions.EntityFrameworkCore": {
        "type": "Project",
        "dependencies": {
          "Microsoft.EntityFrameworkCore.Relational": "[6.0.33, )",
          "Raiqub.Expressions.Database": "[1.0.0, )",
          "Raiqub.Expressions.Writing": "[1.0.0, )"
        }
      },
      "Raiqub.Expressions.Reading": {
        "type": "Project",
        "dependencies": {
          "Raiqub.Expressions": "[1.0.0, )"
        }
      },
      "Raiqub.Expressions.Writing": {
        "type": "Project",
        "dependencies": {
          "Raiqub.Expressions.Reading": "[1.0.0, )"
        }
      }
    }
  }
}